
Microsoft Visual Studio Solution File, Format Version 12.00
# Visual Studio Version 17
VisualStudioVersion = 17.4.33205.214
MinimumVisualStudioVersion = 10.0.40219.1
Project("{9A19103F-16F7-4668-BE54-9A1E7A4F7556}") = "CRUD", "CRUD.csproj", "{BB30ECB5-AD10-4141-B48F-A591DE50A62C}"
EndProject
Project("{9A19103F-16F7-4668-BE54-9A1E7A4F7556}") = "AccesoADatos", "..\AccesoADatos\AccesoADatos.csproj", "{D79F07D7-4B1F-40FC-918D-1A357CF3DFBD}"
EndProject
Project("{9A19103F-16F7-4668-BE54-9A1E7A4F7556}") = "Entidades", "..\Entidades\Entidades.csproj", "{B63FF03F-09CB-435C-B137-162CDA6D229F}"
EndProject
Project("{FAE04EC0-301F-11D3-BF4B-00C04F79EFBC}") = "Negocio", "..\Negocio\Negocio.csproj", "{D1326E34-E70B-4E12-AE15-61278D155FA5}"
EndProject
Global
	GlobalSection(SolutionConfigurationPlatforms) = preSolution
		Debug|Any CPU = Debug|Any CPU
		Release|Any CPU = Release|Any CPU
	EndGlobalSection
	GlobalSection(ProjectConfigurationPlatforms) = postSolution
		{BB30ECB5-AD10-4141-B48F-A591DE50A62C}.Debug|Any CPU.ActiveCfg = Debug|Any CPU
		{BB30ECB5-AD10-4141-B48F-A591DE50A62C}.Debug|Any CPU.Build.0 = Debug|Any CPU
		{BB30ECB5-AD10-4141-B48F-A591DE50A62C}.Release|Any CPU.ActiveCfg = Release|Any CPU
		{BB30ECB5-AD10-4141-B48F-A591DE50A62C}.Release|Any CPU.Build.0 = Release|Any CPU
		{D79F07D7-4B1F-40FC-918D-1A357CF3DFBD}.Debug|Any CPU.ActiveCfg = Debug|Any CPU
		{D79F07D7-4B1F-40FC-918D-1A357CF3DFBD}.Debug|Any CPU.Build.0 = Debug|Any CPU
		{D79F07D7-4B1F-40FC-918D-1A357CF3DFBD}.Release|Any CPU.ActiveCfg = Release|Any CPU
		{D79F07D7-4B1F-40FC-918D-1A357CF3DFBD}.Release|Any CPU.Build.0 = Release|Any CPU
		{B63FF03F-09CB-435C-B137-162CDA6D229F}.Debug|Any CPU.ActiveCfg = Debug|Any CPU
		{B63FF03F-09CB-435C-B137-162CDA6D229F}.Debug|Any CPU.Build.0 = Debug|Any CPU
		{B63FF03F-09CB-435C-B137-162CDA6D229F}.Release|Any CPU.ActiveCfg = Release|Any CPU
		{B63FF03F-09CB-435C-B137-162CDA6D229F}.Release|Any CPU.Build.0 = Release|Any CPU
		{D1326E34-E70B-4E12-AE15-61278D155FA5}.Debug|Any CPU.ActiveCfg = Debug|Any CPU
		{D1326E34-E70B-4E12-AE15-61278D155FA5}.Debug|Any CPU.Build.0 = Debug|Any CPU
		{D1326E34-E70B-4E12-AE15-61278D155FA5}.Release|Any CPU.ActiveCfg = Release|Any CPU
		{D1326E34-E70B-4E12-AE15-61278D155FA5}.Release|Any CPU.Build.0 = Release|Any CPU
	EndGlobalSection
	GlobalSection(SolutionProperties) = preSolution
		HideSolutionNode = FALSE
	EndGlobalSection
	GlobalSection(ExtensibilityGlobals) = postSolution
		SolutionGuid = {10C5E68A-C147-497F-8079-224BBD7DF489}
	EndGlobalSection
EndGlobal
